
Microsoft Visual Studio Solution File, Format Version 12.00
# Visual Studio 2012
Project("{FAE04EC0-301F-11D3-BF4B-00C04F79EFBC}") = "Flip.AzureBackup.Console", "Flip.AzureBackup.Console\Flip.AzureBackup.Console.csproj", "{98D4F432-C65E-40FB-84D7-F62E9DE2A5CD}"
EndProject
Project("{FAE04EC0-301F-11D3-BF4B-00C04F79EFBC}") = "Flip.AzureBackup.Core", "Flip.AzureBackup.Core\Flip.AzureBackup.Core.csproj", "{F5A44281-E1CA-434F-A695-506F1EB0468F}"
EndProject
Project("{2150E333-8FDC-42A3-9474-1A3956D46DE8}") = ".nuget", ".nuget", "{C2C8A7C5-217B-4698-B0A9-FF383326917C}"
	ProjectSection(SolutionItems) = preProject
		.nuget\NuGet.Config = .nuget\NuGet.Config
		.nuget\NuGet.exe = .nuget\NuGet.exe
		.nuget\NuGet.targets = .nuget\NuGet.targets
	EndProjectSection
EndProject
Project("{2150E333-8FDC-42A3-9474-1A3956D46DE8}") = "Flip.Common", "Flip.Common", "{30D2A228-9D36-49CC-804A-75719D1E76D5}"
EndProject
Project("{FAE04EC0-301F-11D3-BF4B-00C04F79EFBC}") = "Flip.Common.Core", "..\externals\Flip.Common\Source\Flip.Common.Core\Flip.Common.Core.csproj", "{52AB4DA0-6DDC-41D2-887D-C1A7CAEB8CDD}"
EndProject
Project("{2150E333-8FDC-42A3-9474-1A3956D46DE8}") = "Tests", "Tests", "{4EC489EE-6C7F-498D-BE2B-9B37A0DE4091}"
EndProject
Project("{FAE04EC0-301F-11D3-BF4B-00C04F79EFBC}") = "Flip.AzureBackup.Core.Tests", "Flip.AzureBackup.Core.Tests\Flip.AzureBackup.Core.Tests.csproj", "{2A2B9152-665A-4F33-83C9-A144DB5EF8C4}"
EndProject
Project("{FAE04EC0-301F-11D3-BF4B-00C04F79EFBC}") = "Flip.Common.Core.Tests", "..\externals\Flip.Common\Source\Flip.Common.Core.Tests\Flip.Common.Core.Tests.csproj", "{8D37911E-4278-4531-8212-E0E14DFEAC75}"
EndProject
Project("{2150E333-8FDC-42A3-9474-1A3956D46DE8}") = "Tests", "Tests", "{7B18228B-8ED9-40F6-BFA0-D81E4DB1DE26}"
EndProject
Global
	GlobalSection(SolutionConfigurationPlatforms) = preSolution
		Debug|Any CPU = Debug|Any CPU
		Release|Any CPU = Release|Any CPU
	EndGlobalSection
	GlobalSection(ProjectConfigurationPlatforms) = postSolution
		{98D4F432-C65E-40FB-84D7-F62E9DE2A5CD}.Debug|Any CPU.ActiveCfg = Debug|Any CPU
		{98D4F432-C65E-40FB-84D7-F62E9DE2A5CD}.Debug|Any CPU.Build.0 = Debug|Any CPU
		{98D4F432-C65E-40FB-84D7-F62E9DE2A5CD}.Release|Any CPU.ActiveCfg = Release|Any CPU
		{98D4F432-C65E-40FB-84D7-F62E9DE2A5CD}.Release|Any CPU.Build.0 = Release|Any CPU
		{F5A44281-E1CA-434F-A695-506F1EB0468F}.Debug|Any CPU.ActiveCfg = Debug|Any CPU
		{F5A44281-E1CA-434F-A695-506F1EB0468F}.Debug|Any CPU.Build.0 = Debug|Any CPU
		{F5A44281-E1CA-434F-A695-506F1EB0468F}.Release|Any CPU.ActiveCfg = Release|Any CPU
		{F5A44281-E1CA-434F-A695-506F1EB0468F}.Release|Any CPU.Build.0 = Release|Any CPU
		{52AB4DA0-6DDC-41D2-887D-C1A7CAEB8CDD}.Debug|Any CPU.ActiveCfg = Debug|Any CPU
		{52AB4DA0-6DDC-41D2-887D-C1A7CAEB8CDD}.Debug|Any CPU.Build.0 = Debug|Any CPU
		{52AB4DA0-6DDC-41D2-887D-C1A7CAEB8CDD}.Release|Any CPU.ActiveCfg = Release|Any CPU
		{52AB4DA0-6DDC-41D2-887D-C1A7CAEB8CDD}.Release|Any CPU.Build.0 = Release|Any CPU
		{2A2B9152-665A-4F33-83C9-A144DB5EF8C4}.Debug|Any CPU.ActiveCfg = Debug|Any CPU
		{2A2B9152-665A-4F33-83C9-A144DB5EF8C4}.Debug|Any CPU.Build.0 = Debug|Any CPU
		{2A2B9152-665A-4F33-83C9-A144DB5EF8C4}.Release|Any CPU.ActiveCfg = Release|Any CPU
		{2A2B9152-665A-4F33-83C9-A144DB5EF8C4}.Release|Any CPU.Build.0 = Release|Any CPU
		{8D37911E-4278-4531-8212-E0E14DFEAC75}.Debug|Any CPU.ActiveCfg = Debug|Any CPU
		{8D37911E-4278-4531-8212-E0E14DFEAC75}.Debug|Any CPU.Build.0 = Debug|Any CPU
		{8D37911E-4278-4531-8212-E0E14DFEAC75}.Release|Any CPU.ActiveCfg = Release|Any CPU
		{8D37911E-4278-4531-8212-E0E14DFEAC75}.Release|Any CPU.Build.0 = Release|Any CPU
	EndGlobalSection
	GlobalSection(SolutionProperties) = preSolution
		HideSolutionNode = FALSE
	EndGlobalSection
	GlobalSection(NestedProjects) = preSolution
		{52AB4DA0-6DDC-41D2-887D-C1A7CAEB8CDD} = {30D2A228-9D36-49CC-804A-75719D1E76D5}
		{7B18228B-8ED9-40F6-BFA0-D81E4DB1DE26} = {30D2A228-9D36-49CC-804A-75719D1E76D5}
		{2A2B9152-665A-4F33-83C9-A144DB5EF8C4} = {4EC489EE-6C7F-498D-BE2B-9B37A0DE4091}
		{8D37911E-4278-4531-8212-E0E14DFEAC75} = {7B18228B-8ED9-40F6-BFA0-D81E4DB1DE26}
	EndGlobalSection
EndGlobal
